
Microsoft Visual Studio Solution File, Format Version 12.00
# Visual Studio 15
VisualStudioVersion = 15.0.27428.2037
MinimumVisualStudioVersion = 10.0.40219.1
Project("{FAE04EC0-301F-11D3-BF4B-00C04F79EFBC}") = "HelloTarabica", "HelloTarabica\HelloTarabica.csproj", "{1605B7A3-44D0-4E29-87EA-D92DB675490E}"
EndProject
Global
	GlobalSection(SolutionConfigurationPlatforms) = preSolution
		Debug|Any CPU = Debug|Any CPU
		Release|Any CPU = Release|Any CPU
	EndGlobalSection
	GlobalSection(ProjectConfigurationPlatforms) = postSolution
		{1605B7A3-44D0-4E29-87EA-D92DB675490E}.Debug|Any CPU.ActiveCfg = Debug|Any CPU
		{1605B7A3-44D0-4E29-87EA-D92DB675490E}.Debug|Any CPU.Build.0 = Debug|Any CPU
		{1605B7A3-44D0-4E29-87EA-D92DB675490E}.Release|Any CPU.ActiveCfg = Release|Any CPU
		{1605B7A3-44D0-4E29-87EA-D92DB675490E}.Release|Any CPU.Build.0 = Release|Any CPU
	EndGlobalSection
	GlobalSection(SolutionProperties) = preSolution
		HideSolutionNode = FALSE
	EndGlobalSection
	GlobalSection(ExtensibilityGlobals) = postSolution
		SolutionGuid = {75D9340D-BD00-4948-A817-38DD5F4F9F6B}
	EndGlobalSection
EndGlobal
